{
  "name": "ai-image-detector",
  "version": "0.0.1",
  "lockfileVersion": 3,
  "requires": true,
  "packages": {
    "": {
      "name": "ai-image-detector",
      "version": "0.0.1",
      "license": "ISC",
      "dependencies": {
        "@huggingface/inference": "^2.6.7"
      }
    },
    "node_modules/@huggingface/inference": {
      "version": "2.6.7",
      "resolved": "https://registry.npmjs.org/@huggingface/inference/-/inference-2.6.7.tgz",
      "integrity": "sha512-vFBqvtU3LhxjufTs0jcRrDSc0nK+lah10bOgvlIn80lAH4JwMzHHPBQ4g4ECEdRD0PIt6EpTiidEZQq2sArb5Q==",
      "engines": {
        "node": ">=18"
      }
    }
  }
}
